
Microsoft Visual Studio Solution File, Format Version 12.00
# Visual Studio Version 16
VisualStudioVersion = 25.0.1700.0
MinimumVisualStudioVersion = 10.0.40219.1
Project("{2150E333-8FDC-42A3-9474-1A3956D46DE8}") = "src", "src", "{36D8C414-4271-4C0B-B922-397C91F63B0C}"
EndProject
Project("{2150E333-8FDC-42A3-9474-1A3956D46DE8}") = "test", "test", "{72C4C7A6-AFBC-4220-A694-9071ED520154}"
EndProject
Project("{2150E333-8FDC-42A3-9474-1A3956D46DE8}") = "UI", "UI", "{82FDEC9C-E8C6-4BEA-87FD-8AA80A811979}"
EndProject
Project("{2150E333-8FDC-42A3-9474-1A3956D46DE8}") = "Core", "Core", "{8A93796E-F7B5-40E6-A836-AC6A4B171F7D}"
EndProject
Project("{2150E333-8FDC-42A3-9474-1A3956D46DE8}") = "Infrastructure", "Infrastructure", "{C4DE454F-A839-4D51-8501-197529983B06}"
EndProject
Project("{2150E333-8FDC-42A3-9474-1A3956D46DE8}") = "API", "API", "{E153806B-0196-4645-8692-399F097E3385}"
EndProject
Project("{FAE04EC0-301F-11D3-BF4B-00C04F79EFBC}") = "HR.LeaveManagement.Domain", "HR.LeaveManagement.Domain\HR.LeaveManagement.Domain.csproj", "{2EEAB62B-CF7C-460F-B344-968C779968D8}"
EndProject
Global
	GlobalSection(SolutionConfigurationPlatforms) = preSolution
		Debug|Any CPU = Debug|Any CPU
		Release|Any CPU = Release|Any CPU
	EndGlobalSection
	GlobalSection(ProjectConfigurationPlatforms) = postSolution
		{2EEAB62B-CF7C-460F-B344-968C779968D8}.Debug|Any CPU.ActiveCfg = Debug|Any CPU
		{2EEAB62B-CF7C-460F-B344-968C779968D8}.Debug|Any CPU.Build.0 = Debug|Any CPU
		{2EEAB62B-CF7C-460F-B344-968C779968D8}.Release|Any CPU.ActiveCfg = Release|Any CPU
		{2EEAB62B-CF7C-460F-B344-968C779968D8}.Release|Any CPU.Build.0 = Release|Any CPU
	EndGlobalSection
	GlobalSection(SolutionProperties) = preSolution
		HideSolutionNode = FALSE
	EndGlobalSection
	GlobalSection(ExtensibilityGlobals) = postSolution
		SolutionGuid = {6CF6C1FB-EB37-47CB-9ECC-DE6F6E639F7E}
	EndGlobalSection
	GlobalSection(NestedProjects) = preSolution
		{82FDEC9C-E8C6-4BEA-87FD-8AA80A811979} = {36D8C414-4271-4C0B-B922-397C91F63B0C}
		{8A93796E-F7B5-40E6-A836-AC6A4B171F7D} = {36D8C414-4271-4C0B-B922-397C91F63B0C}
		{C4DE454F-A839-4D51-8501-197529983B06} = {36D8C414-4271-4C0B-B922-397C91F63B0C}
		{E153806B-0196-4645-8692-399F097E3385} = {36D8C414-4271-4C0B-B922-397C91F63B0C}
		{2EEAB62B-CF7C-460F-B344-968C779968D8} = {8A93796E-F7B5-40E6-A836-AC6A4B171F7D}
	EndGlobalSection
EndGlobal
