
Microsoft Visual Studio Solution File, Format Version 12.00
# Visual Studio Version 16
VisualStudioVersion = 25.0.1700.0
MinimumVisualStudioVersion = 10.0.40219.1
Project("{2150E333-8FDC-42A3-9474-1A3956D46DE8}") = "src", "src", "{36D8C414-4271-4C0B-B922-397C91F63B0C}"
EndProject
Project("{2150E333-8FDC-42A3-9474-1A3956D46DE8}") = "test", "test", "{72C4C7A6-AFBC-4220-A694-9071ED520154}"
EndProject
Project("{2150E333-8FDC-42A3-9474-1A3956D46DE8}") = "UI", "UI", "{82FDEC9C-E8C6-4BEA-87FD-8AA80A811979}"
EndProject
Project("{2150E333-8FDC-42A3-9474-1A3956D46DE8}") = "Core", "Core", "{8A93796E-F7B5-40E6-A836-AC6A4B171F7D}"
EndProject
Project("{2150E333-8FDC-42A3-9474-1A3956D46DE8}") = "Infrastructure", "Infrastructure", "{C4DE454F-A839-4D51-8501-197529983B06}"
EndProject
Project("{2150E333-8FDC-42A3-9474-1A3956D46DE8}") = "API", "API", "{E153806B-0196-4645-8692-399F097E3385}"
EndProject
Project("{FAE04EC0-301F-11D3-BF4B-00C04F79EFBC}") = "HR.LeaveManagement.Domain", "src\Core\HR.LeaveManagement.Domain\HR.LeaveManagement.Domain.csproj", "{5D741E3E-9991-451E-9325-3BFC7420629F}"
EndProject
Project("{FAE04EC0-301F-11D3-BF4B-00C04F79EFBC}") = "HR.LeaveManagement.Application", "src\Core\HR.LeaveManagement.Application\HR.LeaveManagement.Application.csproj", "{25BED3D2-58BC-4162-81E3-043A9CB75F46}"
EndProject
Project("{FAE04EC0-301F-11D3-BF4B-00C04F79EFBC}") = "HR.LeaveManagement.Persistance", "src\Infrastructure\HR.LeaveManagement.Persistance\HR.LeaveManagement.Persistance.csproj", "{AC3D74ED-3947-4B06-A143-7F35465BB2E8}"
EndProject
Project("{FAE04EC0-301F-11D3-BF4B-00C04F79EFBC}") = "Hr.LeaveManagement.Infrastructure", "src\Infrastructure\Hr.LeaveManagement.Infrastructure\Hr.LeaveManagement.Infrastructure.csproj", "{1BF156BF-1501-4491-AAA1-42944265179E}"
EndProject
Project("{FAE04EC0-301F-11D3-BF4B-00C04F79EFBC}") = "HR.LeaveManagement.Api", "src\API\HR.LeaveManagement.Api\HR.LeaveManagement.Api.csproj", "{F7624D9C-41BA-48F7-83D8-37E79A49118C}"
EndProject
Project("{FAE04EC0-301F-11D3-BF4B-00C04F79EFBC}") = "HR.LeaveManagement.Application.UnitTests", "test\HR.LeaveManagement.Application.UnitTests\HR.LeaveManagement.Application.UnitTests.csproj", "{635290E6-C1BA-4489-807C-BA371DE6E38E}"
EndProject
Project("{FAE04EC0-301F-11D3-BF4B-00C04F79EFBC}") = "HR.LeaveManagement.Persistance.IntegrationTests", "test\HR.LeaveManagement.Persistance.IntegrationTests\HR.LeaveManagement.Persistance.IntegrationTests.csproj", "{752B312D-589F-4FC1-92E2-8B50A0E50569}"
EndProject
Global
	GlobalSection(SolutionConfigurationPlatforms) = preSolution
		Debug|Any CPU = Debug|Any CPU
		Release|Any CPU = Release|Any CPU
	EndGlobalSection
	GlobalSection(ProjectConfigurationPlatforms) = postSolution
		{5D741E3E-9991-451E-9325-3BFC7420629F}.Debug|Any CPU.ActiveCfg = Debug|Any CPU
		{5D741E3E-9991-451E-9325-3BFC7420629F}.Debug|Any CPU.Build.0 = Debug|Any CPU
		{5D741E3E-9991-451E-9325-3BFC7420629F}.Release|Any CPU.ActiveCfg = Release|Any CPU
		{5D741E3E-9991-451E-9325-3BFC7420629F}.Release|Any CPU.Build.0 = Release|Any CPU
		{25BED3D2-58BC-4162-81E3-043A9CB75F46}.Debug|Any CPU.ActiveCfg = Debug|Any CPU
		{25BED3D2-58BC-4162-81E3-043A9CB75F46}.Debug|Any CPU.Build.0 = Debug|Any CPU
		{25BED3D2-58BC-4162-81E3-043A9CB75F46}.Release|Any CPU.ActiveCfg = Release|Any CPU
		{25BED3D2-58BC-4162-81E3-043A9CB75F46}.Release|Any CPU.Build.0 = Release|Any CPU
		{AC3D74ED-3947-4B06-A143-7F35465BB2E8}.Debug|Any CPU.ActiveCfg = Debug|Any CPU
		{AC3D74ED-3947-4B06-A143-7F35465BB2E8}.Debug|Any CPU.Build.0 = Debug|Any CPU
		{AC3D74ED-3947-4B06-A143-7F35465BB2E8}.Release|Any CPU.ActiveCfg = Release|Any CPU
		{AC3D74ED-3947-4B06-A143-7F35465BB2E8}.Release|Any CPU.Build.0 = Release|Any CPU
		{1BF156BF-1501-4491-AAA1-42944265179E}.Debug|Any CPU.ActiveCfg = Debug|Any CPU
		{1BF156BF-1501-4491-AAA1-42944265179E}.Debug|Any CPU.Build.0 = Debug|Any CPU
		{1BF156BF-1501-4491-AAA1-42944265179E}.Release|Any CPU.ActiveCfg = Release|Any CPU
		{1BF156BF-1501-4491-AAA1-42944265179E}.Release|Any CPU.Build.0 = Release|Any CPU
		{F7624D9C-41BA-48F7-83D8-37E79A49118C}.Debug|Any CPU.ActiveCfg = Debug|Any CPU
		{F7624D9C-41BA-48F7-83D8-37E79A49118C}.Debug|Any CPU.Build.0 = Debug|Any CPU
		{F7624D9C-41BA-48F7-83D8-37E79A49118C}.Release|Any CPU.ActiveCfg = Release|Any CPU
		{F7624D9C-41BA-48F7-83D8-37E79A49118C}.Release|Any CPU.Build.0 = Release|Any CPU
		{635290E6-C1BA-4489-807C-BA371DE6E38E}.Debug|Any CPU.ActiveCfg = Debug|Any CPU
		{635290E6-C1BA-4489-807C-BA371DE6E38E}.Debug|Any CPU.Build.0 = Debug|Any CPU
		{635290E6-C1BA-4489-807C-BA371DE6E38E}.Release|Any CPU.ActiveCfg = Release|Any CPU
		{635290E6-C1BA-4489-807C-BA371DE6E38E}.Release|Any CPU.Build.0 = Release|Any CPU
		{752B312D-589F-4FC1-92E2-8B50A0E50569}.Debug|Any CPU.ActiveCfg = Debug|Any CPU
		{752B312D-589F-4FC1-92E2-8B50A0E50569}.Debug|Any CPU.Build.0 = Debug|Any CPU
		{752B312D-589F-4FC1-92E2-8B50A0E50569}.Release|Any CPU.ActiveCfg = Release|Any CPU
		{752B312D-589F-4FC1-92E2-8B50A0E50569}.Release|Any CPU.Build.0 = Release|Any CPU
	EndGlobalSection
	GlobalSection(SolutionProperties) = preSolution
		HideSolutionNode = FALSE
	EndGlobalSection
	GlobalSection(ExtensibilityGlobals) = postSolution
		SolutionGuid = {6CF6C1FB-EB37-47CB-9ECC-DE6F6E639F7E}
	EndGlobalSection
	GlobalSection(NestedProjects) = preSolution
		{82FDEC9C-E8C6-4BEA-87FD-8AA80A811979} = {36D8C414-4271-4C0B-B922-397C91F63B0C}
		{8A93796E-F7B5-40E6-A836-AC6A4B171F7D} = {36D8C414-4271-4C0B-B922-397C91F63B0C}
		{C4DE454F-A839-4D51-8501-197529983B06} = {36D8C414-4271-4C0B-B922-397C91F63B0C}
		{E153806B-0196-4645-8692-399F097E3385} = {36D8C414-4271-4C0B-B922-397C91F63B0C}
		{5D741E3E-9991-451E-9325-3BFC7420629F} = {8A93796E-F7B5-40E6-A836-AC6A4B171F7D}
		{25BED3D2-58BC-4162-81E3-043A9CB75F46} = {8A93796E-F7B5-40E6-A836-AC6A4B171F7D}
		{AC3D74ED-3947-4B06-A143-7F35465BB2E8} = {C4DE454F-A839-4D51-8501-197529983B06}
		{1BF156BF-1501-4491-AAA1-42944265179E} = {C4DE454F-A839-4D51-8501-197529983B06}
		{F7624D9C-41BA-48F7-83D8-37E79A49118C} = {E153806B-0196-4645-8692-399F097E3385}
		{635290E6-C1BA-4489-807C-BA371DE6E38E} = {72C4C7A6-AFBC-4220-A694-9071ED520154}
		{752B312D-589F-4FC1-92E2-8B50A0E50569} = {72C4C7A6-AFBC-4220-A694-9071ED520154}
	EndGlobalSection
EndGlobal
